// !$*UTF8*$!
{
	archiveVersion = 1;
	classes = {
	};
	objectVersion = 46;
	objects = {

/* Begin PBXBuildFile section */
		084AFBC8185F6B4200008652 /* Foundation.framework in Frameworks */ = {isa = PBXBuildFile; fileRef = 084AFBC7185F6B4200008652 /* Foundation.framework */; };
		084AFBCC185F6B4200008652 /* UIKit.framework in Frameworks */ = {isa = PBXBuildFile; fileRef = 084AFBCB185F6B4200008652 /* UIKit.framework */; };
		084AFBD2185F6B4200008652 /* InfoPlist.strings in Resources */ = {isa = PBXBuildFile; fileRef = 084AFBD0185F6B4200008652 /* InfoPlist.strings */; };
		084AFBD4185F6B4200008652 /* main.m in Sources */ = {isa = PBXBuildFile; fileRef = 084AFBD3185F6B4200008652 /* main.m */; };
		084AFBD8185F6B4200008652 /* GRKAppDelegate.m in Sources */ = {isa = PBXBuildFile; fileRef = 084AFBD7185F6B4200008652 /* GRKAppDelegate.m */; };
		084AFBDB185F6B4200008652 /* Main.storyboard in Resources */ = {isa = PBXBuildFile; fileRef = 084AFBD9185F6B4200008652 /* Main.storyboard */; };
		084AFBDE185F6B4200008652 /* GRKViewController.m in Sources */ = {isa = PBXBuildFile; fileRef = 084AFBDD185F6B4200008652 /* GRKViewController.m */; };
		084AFBE0185F6B4200008652 /* Images.xcassets in Resources */ = {isa = PBXBuildFile; fileRef = 084AFBDF185F6B4200008652 /* Images.xcassets */; };
		084AFBE7185F6B4200008652 /* XCTest.framework in Frameworks */ = {isa = PBXBuildFile; fileRef = 084AFBE6185F6B4200008652 /* XCTest.framework */; };
		084AFBE8185F6B4200008652 /* Foundation.framework in Frameworks */ = {isa = PBXBuildFile; fileRef = 084AFBC7185F6B4200008652 /* Foundation.framework */; };
		084AFBE9185F6B4200008652 /* UIKit.framework in Frameworks */ = {isa = PBXBuildFile; fileRef = 084AFBCB185F6B4200008652 /* UIKit.framework */; };
		084AFBF1185F6B4200008652 /* InfoPlist.strings in Resources */ = {isa = PBXBuildFile; fileRef = 084AFBEF185F6B4200008652 /* InfoPlist.strings */; };
		084AFBF3185F6B4200008652 /* GRKPageViewControllerTestAppTests.m in Sources */ = {isa = PBXBuildFile; fileRef = 084AFBF2185F6B4200008652 /* GRKPageViewControllerTestAppTests.m */; };
		084AFBFF185F6BBE00008652 /* GRKPageViewController.m in Sources */ = {isa = PBXBuildFile; fileRef = 084AFBFE185F6BBE00008652 /* GRKPageViewController.m */; };
/* End PBXBuildFile section */

/* Begin PBXContainerItemProxy section */
		084AFBEA185F6B4200008652 /* PBXContainerItemProxy */ = {
			isa = PBXContainerItemProxy;
			containerPortal = 084AFBBC185F6B4200008652 /* Project object */;
			proxyType = 1;
			remoteGlobalIDString = 084AFBC3185F6B4200008652;
			remoteInfo = GRKPageViewControllerTestApp;
		};
/* End PBXContainerItemProxy section */

/* Begin PBXFileReference section */
		084AFBC4185F6B4200008652 /* GRKPageViewControllerTestApp.app */ = {isa = PBXFileReference; explicitFileType = wrapper.application; includeInIndex = 0; path = GRKPageViewControllerTestApp.app; sourceTree = BUILT_PRODUCTS_DIR; };
		084AFBC7185F6B4200008652 /* Foundation.framework */ = {isa = PBXFileReference; lastKnownFileType = wrapper.framework; name = Foundation.framework; path = System/Library/Frameworks/Foundation.framework; sourceTree = SDKROOT; };
		084AFBC9185F6B4200008652 /* CoreGraphics.framework */ = {isa = PBXFileReference; lastKnownFileType = wrapper.framework; name = CoreGraphics.framework; path = System/Library/Frameworks/CoreGraphics.framework; sourceTree = SDKROOT; };
		084AFBCB185F6B4200008652 /* UIKit.framework */ = {isa = PBXFileReference; lastKnownFileType = wrapper.framework; name = UIKit.framework; path = System/Library/Frameworks/UIKit.framework; sourceTree = SDKROOT; };
		084AFBCF185F6B4200008652 /* GRKPageViewControllerTestApp-Info.plist */ = {isa = PBXFileReference; lastKnownFileType = text.plist.xml; path = "GRKPageViewControllerTestApp-Info.plist"; sourceTree = "<group>"; };
		084AFBD1185F6B4200008652 /* en */ = {isa = PBXFileReference; lastKnownFileType = text.plist.strings; name = en; path = en.lproj/InfoPlist.strings; sourceTree = "<group>"; };
		084AFBD3185F6B4200008652 /* main.m */ = {isa = PBXFileReference; lastKnownFileType = sourcecode.c.objc; path = main.m; sourceTree = "<group>"; };
		084AFBD5185F6B4200008652 /* GRKPageViewControllerTestApp-Prefix.pch */ = {isa = PBXFileReference; lastKnownFileType = sourcecode.c.h; path = "GRKPageViewControllerTestApp-Prefix.pch"; sourceTree = "<group>"; };
		084AFBD6185F6B4200008652 /* GRKAppDelegate.h */ = {isa = PBXFileReference; lastKnownFileType = sourcecode.c.h; path = GRKAppDelegate.h; sourceTree = "<group>"; };
		084AFBD7185F6B4200008652 /* GRKAppDelegate.m */ = {isa = PBXFileReference; lastKnownFileType = sourcecode.c.objc; path = GRKAppDelegate.m; sourceTree = "<group>"; };
		084AFBDA185F6B4200008652 /* Base */ = {isa = PBXFileReference; lastKnownFileType = file.storyboard; name = Base; path = Base.lproj/Main.storyboard; sourceTree = "<group>"; };
		084AFBDC185F6B4200008652 /* GRKViewController.h */ = {isa = PBXFileReference; lastKnownFileType = sourcecode.c.h; path = GRKViewController.h; sourceTree = "<group>"; };
		084AFBDD185F6B4200008652 /* GRKViewController.m */ = {isa = PBXFileReference; lastKnownFileType = sourcecode.c.objc; path = GRKViewController.m; sourceTree = "<group>"; };
		084AFBDF185F6B4200008652 /* Images.xcassets */ = {isa = PBXFileReference; lastKnownFileType = folder.assetcatalog; path = Images.xcassets; sourceTree = "<group>"; };
		084AFBE5185F6B4200008652 /* GRKPageViewControllerTestAppTests.xctest */ = {isa = PBXFileReference; explicitFileType = wrapper.cfbundle; includeInIndex = 0; path = GRKPageViewControllerTestAppTests.xctest; sourceTree = BUILT_PRODUCTS_DIR; };
		084AFBE6185F6B4200008652 /* XCTest.framework */ = {isa = PBXFileReference; lastKnownFileType = wrapper.framework; name = XCTest.framework; path = Library/Frameworks/XCTest.framework; sourceTree = DEVELOPER_DIR; };
		084AFBEE185F6B4200008652 /* GRKPageViewControllerTestAppTests-Info.plist */ = {isa = PBXFileReference; lastKnownFileType = text.plist.xml; path = "GRKPageViewControllerTestAppTests-Info.plist"; sourceTree = "<group>"; };
		084AFBF0185F6B4200008652 /* en */ = {isa = PBXFileReference; lastKnownFileType = text.plist.strings; name = en; path = en.lproj/InfoPlist.strings; sourceTree = "<group>"; };
		084AFBF2185F6B4200008652 /* GRKPageViewControllerTestAppTests.m */ = {isa = PBXFileReference; lastKnownFileType = sourcecode.c.objc; path = GRKPageViewControllerTestAppTests.m; sourceTree = "<group>"; };
		084AFBFD185F6BBE00008652 /* GRKPageViewController.h */ = {isa = PBXFileReference; fileEncoding = 4; lastKnownFileType = sourcecode.c.h; path = GRKPageViewController.h; sourceTree = "<group>"; };
		084AFBFE185F6BBE00008652 /* GRKPageViewController.m */ = {isa = PBXFileReference; fileEncoding = 4; lastKnownFileType = sourcecode.c.objc; path = GRKPageViewController.m; sourceTree = "<group>"; };
/* End PBXFileReference section */

/* Begin PBXFrameworksBuildPhase section */
		084AFBC1185F6B4200008652 /* Frameworks */ = {
			isa = PBXFrameworksBuildPhase;
			buildActionMask = 2147483647;
			files = (
				084AFBCC185F6B4200008652 /* UIKit.framework in Frameworks */,
				084AFBC8185F6B4200008652 /* Foundation.framework in Frameworks */,
			);
			runOnlyForDeploymentPostprocessing = 0;
		};
		084AFBE2185F6B4200008652 /* Frameworks */ = {
			isa = PBXFrameworksBuildPhase;
			buildActionMask = 2147483647;
			files = (
				084AFBE7185F6B4200008652 /* XCTest.framework in Frameworks */,
				084AFBE9185F6B4200008652 /* UIKit.framework in Frameworks */,
				084AFBE8185F6B4200008652 /* Foundation.framework in Frameworks */,
			);
			runOnlyForDeploymentPostprocessing = 0;
		};
/* End PBXFrameworksBuildPhase section */

/* Begin PBXGroup section */
		084AFBBB185F6B4200008652 = {
			isa = PBXGroup;
			children = (
				084AFBFC185F6BBE00008652 /* GRKPageViewController */,
				084AFBCD185F6B4200008652 /* GRKPageViewControllerTestApp */,
				084AFBEC185F6B4200008652 /* GRKPageViewControllerTestAppTests */,
				084AFBC6185F6B4200008652 /* Frameworks */,
				084AFBC5185F6B4200008652 /* Products */,
			);
			sourceTree = "<group>";
		};
		084AFBC5185F6B4200008652 /* Products */ = {
			isa = PBXGroup;
			children = (
				084AFBC4185F6B4200008652 /* GRKPageViewControllerTestApp.app */,
				084AFBE5185F6B4200008652 /* GRKPageViewControllerTestAppTests.xctest */,
			);
			name = Products;
			sourceTree = "<group>";
		};
		084AFBC6185F6B4200008652 /* Frameworks */ = {
			isa = PBXGroup;
			children = (
				084AFBC7185F6B4200008652 /* Foundation.framework */,
				084AFBC9185F6B4200008652 /* CoreGraphics.framework */,
				084AFBCB185F6B4200008652 /* UIKit.framework */,
				084AFBE6185F6B4200008652 /* XCTest.framework */,
			);
			name = Frameworks;
			sourceTree = "<group>";
		};
		084AFBCD185F6B4200008652 /* GRKPageViewControllerTestApp */ = {
			isa = PBXGroup;
			children = (
				084AFBD6185F6B4200008652 /* GRKAppDelegate.h */,
				084AFBD7185F6B4200008652 /* GRKAppDelegate.m */,
				084AFBD9185F6B4200008652 /* Main.storyboard */,
				084AFBDC185F6B4200008652 /* GRKViewController.h */,
				084AFBDD185F6B4200008652 /* GRKViewController.m */,
				084AFBDF185F6B4200008652 /* Images.xcassets */,
				084AFBCE185F6B4200008652 /* Supporting Files */,
			);
			path = GRKPageViewControllerTestApp;
			sourceTree = "<group>";
		};
		084AFBCE185F6B4200008652 /* Supporting Files */ = {
			isa = PBXGroup;
			children = (
				084AFBCF185F6B4200008652 /* GRKPageViewControllerTestApp-Info.plist */,
				084AFBD0185F6B4200008652 /* InfoPlist.strings */,
				084AFBD3185F6B4200008652 /* main.m */,
				084AFBD5185F6B4200008652 /* GRKPageViewControllerTestApp-Prefix.pch */,
			);
			name = "Supporting Files";
			sourceTree = "<group>";
		};
		084AFBEC185F6B4200008652 /* GRKPageViewControllerTestAppTests */ = {
			isa = PBXGroup;
			children = (
				084AFBF2185F6B4200008652 /* GRKPageViewControllerTestAppTests.m */,
				084AFBED185F6B4200008652 /* Supporting Files */,
			);
			path = GRKPageViewControllerTestAppTests;
			sourceTree = "<group>";
		};
		084AFBED185F6B4200008652 /* Supporting Files */ = {
			isa = PBXGroup;
			children = (
				084AFBEE185F6B4200008652 /* GRKPageViewControllerTestAppTests-Info.plist */,
				084AFBEF185F6B4200008652 /* InfoPlist.strings */,
			);
			name = "Supporting Files";
			sourceTree = "<group>";
		};
		084AFBFC185F6BBE00008652 /* GRKPageViewController */ = {
			isa = PBXGroup;
			children = (
				084AFBFD185F6BBE00008652 /* GRKPageViewController.h */,
				084AFBFE185F6BBE00008652 /* GRKPageViewController.m */,
			);
			name = GRKPageViewController;
			path = ../GRKPageViewController;
			sourceTree = "<group>";
		};
/* End PBXGroup section */

/* Begin PBXNativeTarget section */
		084AFBC3185F6B4200008652 /* GRKPageViewControllerTestApp */ = {
			isa = PBXNativeTarget;
			buildConfigurationList = 084AFBF6185F6B4200008652 /* Build configuration list for PBXNativeTarget "GRKPageViewControllerTestApp" */;
			buildPhases = (
				084AFBC0185F6B4200008652 /* Sources */,
				084AFBC1185F6B4200008652 /* Frameworks */,
				084AFBC2185F6B4200008652 /* Resources */,
			);
			buildRules = (
			);
			dependencies = (
			);
			name = GRKPageViewControllerTestApp;
			productName = GRKPageViewControllerTestApp;
			productReference = 084AFBC4185F6B4200008652 /* GRKPageViewControllerTestApp.app */;
			productType = "com.apple.product-type.application";
		};
		084AFBE4185F6B4200008652 /* GRKPageViewControllerTestAppTests */ = {
			isa = PBXNativeTarget;
			buildConfigurationList = 084AFBF9185F6B4200008652 /* Build configuration list for PBXNativeTarget "GRKPageViewControllerTestAppTests" */;
			buildPhases = (
				084AFBE1185F6B4200008652 /* Sources */,
				084AFBE2185F6B4200008652 /* Frameworks */,
				084AFBE3185F6B4200008652 /* Resources */,
			);
			buildRules = (
			);
			dependencies = (
				084AFBEB185F6B4200008652 /* PBXTargetDependency */,
			);
			name = GRKPageViewControllerTestAppTests;
			productName = GRKPageViewControllerTestAppTests;
			productReference = 084AFBE5185F6B4200008652 /* GRKPageViewControllerTestAppTests.xctest */;
			productType = "com.apple.product-type.bundle.unit-test";
		};
/* End PBXNativeTarget section */

/* Begin PBXProject section */
		084AFBBC185F6B4200008652 /* Project object */ = {
			isa = PBXProject;
			attributes = {
				CLASSPREFIX = GRK;
				LastUpgradeCheck = 0510;
				ORGANIZATIONNAME = "Levi Brown";
				TargetAttributes = {
					084AFBE4185F6B4200008652 = {
						TestTargetID = 084AFBC3185F6B4200008652;
					};
				};
			};
			buildConfigurationList = 084AFBBF185F6B4200008652 /* Build configuration list for PBXProject "GRKPageViewControllerTestApp" */;
			compatibilityVersion = "Xcode 3.2";
			developmentRegion = English;
			hasScannedForEncodings = 0;
			knownRegions = (
				en,
				Base,
			);
			mainGroup = 084AFBBB185F6B4200008652;
			productRefGroup = 084AFBC5185F6B4200008652 /* Products */;
			projectDirPath = "";
			projectRoot = "";
			targets = (
				084AFBC3185F6B4200008652 /* GRKPageViewControllerTestApp */,
				084AFBE4185F6B4200008652 /* GRKPageViewControllerTestAppTests */,
			);
		};
/* End PBXProject section */

/* Begin PBXResourcesBuildPhase section */
		084AFBC2185F6B4200008652 /* Resources */ = {
			isa = PBXResourcesBuildPhase;
			buildActionMask = 2147483647;
			files = (
				084AFBE0185F6B4200008652 /* Images.xcassets in Resources */,
				084AFBD2185F6B4200008652 /* InfoPlist.strings in Resources */,
				084AFBDB185F6B4200008652 /* Main.storyboard in Resources */,
			);
			runOnlyForDeploymentPostprocessing = 0;
		};
		084AFBE3185F6B4200008652 /* Resources */ = {
			isa = PBXResourcesBuildPhase;
			buildActionMask = 2147483647;
			files = (
				084AFBF1185F6B4200008652 /* InfoPlist.strings in Resources */,
			);
			runOnlyForDeploymentPostprocessing = 0;
		};
/* End PBXResourcesBuildPhase section */

/* Begin PBXSourcesBuildPhase section */
		084AFBC0185F6B4200008652 /* Sources */ = {
			isa = PBXSourcesBuildPhase;
			buildActionMask = 2147483647;
			files = (
				084AFBDE185F6B4200008652 /* GRKViewController.m in Sources */,
				084AFBD4185F6B4200008652 /* main.m in Sources */,
				084AFBFF185F6BBE00008652 /* GRKPageViewController.m in Sources */,
				084AFBD8185F6B4200008652 /* GRKAppDelegate.m in Sources */,
			);
			runOnlyForDeploymentPostprocessing = 0;
		};
		084AFBE1185F6B4200008652 /* Sources */ = {
			isa = PBXSourcesBuildPhase;
			buildActionMask = 2147483647;
			files = (
				084AFBF3185F6B4200008652 /* GRKPageViewControllerTestAppTests.m in Sources */,
			);
			runOnlyForDeploymentPostprocessing = 0;
		};
/* End PBXSourcesBuildPhase section */

/* Begin PBXTargetDependency section */
		084AFBEB185F6B4200008652 /* PBXTargetDependency */ = {
			isa = PBXTargetDependency;
			target = 084AFBC3185F6B4200008652 /* GRKPageViewControllerTestApp */;
			targetProxy = 084AFBEA185F6B4200008652 /* PBXContainerItemProxy */;
		};
/* End PBXTargetDependency section */

/* Begin PBXVariantGroup section */
		084AFBD0185F6B4200008652 /* InfoPlist.strings */ = {
			isa = PBXVariantGroup;
			children = (
				084AFBD1185F6B4200008652 /* en */,
			);
			name = InfoPlist.strings;
			sourceTree = "<group>";
		};
		084AFBD9185F6B4200008652 /* Main.storyboard */ = {
			isa = PBXVariantGroup;
			children = (
				084AFBDA185F6B4200008652 /* Base */,
			);
			name = Main.storyboard;
			sourceTree = "<group>";
		};
		084AFBEF185F6B4200008652 /* InfoPlist.strings */ = {
			isa = PBXVariantGroup;
			children = (
				084AFBF0185F6B4200008652 /* en */,
			);
			name = InfoPlist.strings;
			sourceTree = "<group>";
		};
/* End PBXVariantGroup section */

/* Begin XCBuildConfiguration section */
		084AFBF4185F6B4200008652 /* Debug */ = {
			isa = XCBuildConfiguration;
			buildSettings = {
				ALWAYS_SEARCH_USER_PATHS = NO;
				ARCHS = "$(ARCHS_STANDARD_INCLUDING_64_BIT)";
				CLANG_CXX_LANGUAGE_STANDARD = "gnu++0x";
				CLANG_CXX_LIBRARY = "libc++";
				CLANG_ENABLE_MODULES = YES;
				CLANG_ENABLE_OBJC_ARC = YES;
				CLANG_WARN_BOOL_CONVERSION = YES;
				CLANG_WARN_CONSTANT_CONVERSION = YES;
				CLANG_WARN_DIRECT_OBJC_ISA_USAGE = YES_ERROR;
				CLANG_WARN_EMPTY_BODY = YES;
				CLANG_WARN_ENUM_CONVERSION = YES;
				CLANG_WARN_INT_CONVERSION = YES;
				CLANG_WARN_OBJC_ROOT_CLASS = YES_ERROR;
				CLANG_WARN__DUPLICATE_METHOD_MATCH = YES;
				"CODE_SIGN_IDENTITY[sdk=iphoneos*]" = "iPhone Developer";
				COPY_PHASE_STRIP = NO;
				GCC_C_LANGUAGE_STANDARD = gnu99;
				GCC_DYNAMIC_NO_PIC = NO;
				GCC_OPTIMIZATION_LEVEL = 0;
				GCC_PREPROCESSOR_DEFINITIONS = (
					"DEBUG=1",
					"$(inherited)",
				);
				GCC_SYMBOLS_PRIVATE_EXTERN = NO;
				GCC_WARN_64_TO_32_BIT_CONVERSION = YES;
				GCC_WARN_ABOUT_RETURN_TYPE = YES_ERROR;
				GCC_WARN_UNDECLARED_SELECTOR = YES;
				GCC_WARN_UNINITIALIZED_AUTOS = YES_AGGRESSIVE;
				GCC_WARN_UNUSED_FUNCTION = YES;
				GCC_WARN_UNUSED_VARIABLE = YES;
				IPHONEOS_DEPLOYMENT_TARGET = 6.0;
				ONLY_ACTIVE_ARCH = YES;
				SDKROOT = iphoneos;
			};
			name = Debug;
		};
		084AFBF5185F6B4200008652 /* Release */ = {
			isa = XCBuildConfiguration;
			buildSettings = {
				ALWAYS_SEARCH_USER_PATHS = NO;
				ARCHS = "$(ARCHS_STANDARD_INCLUDING_64_BIT)";
				CLANG_CXX_LANGUAGE_STANDARD = "gnu++0x";
				CLANG_CXX_LIBRARY = "libc++";
				CLANG_ENABLE_MODULES = YES;
				CLANG_ENABLE_OBJC_ARC = YES;
				CLANG_WARN_BOOL_CONVERSION = YES;
				CLANG_WARN_CONSTANT_CONVERSION = YES;
				CLANG_WARN_DIRECT_OBJC_ISA_USAGE = YES_ERROR;
				CLANG_WARN_EMPTY_BODY = YES;
				CLANG_WARN_ENUM_CONVERSION = YES;
				CLANG_WARN_INT_CONVERSION = YES;
				CLANG_WARN_OBJC_ROOT_CLASS = YES_ERROR;
				CLANG_WARN__DUPLICATE_METHOD_MATCH = YES;
				"CODE_SIGN_IDENTITY[sdk=iphoneos*]" = "iPhone Developer";
				COPY_PHASE_STRIP = YES;
				ENABLE_NS_ASSERTIONS = NO;
				GCC_C_LANGUAGE_STANDARD = gnu99;
				GCC_WARN_64_TO_32_BIT_CONVERSION = YES;
				GCC_WARN_ABOUT_RETURN_TYPE = YES_ERROR;
				GCC_WARN_UNDECLARED_SELECTOR = YES;
				GCC_WARN_UNINITIALIZED_AUTOS = YES_AGGRESSIVE;
				GCC_WARN_UNUSED_FUNCTION = YES;
				GCC_WARN_UNUSED_VARIABLE = YES;
				IPHONEOS_DEPLOYMENT_TARGET = 6.0;
				SDKROOT = iphoneos;
				VALIDATE_PRODUCT = YES;
			};
			name = Release;
		};
		084AFBF7185F6B4200008652 /* Debug */ = {
			isa = XCBuildConfiguration;
			buildSettings = {
				ASSETCATALOG_COMPILER_APPICON_NAME = AppIcon;
				ASSETCATALOG_COMPILER_LAUNCHIMAGE_NAME = LaunchImage;
				GCC_PRECOMPILE_PREFIX_HEADER = YES;
				GCC_PREFIX_HEADER = "GRKPageViewControllerTestApp/GRKPageViewControllerTestApp-Prefix.pch";
				INFOPLIST_FILE = "GRKPageViewControllerTestApp/GRKPageViewControllerTestApp-Info.plist";
				PRODUCT_NAME = "$(TARGET_NAME)";
				WRAPPER_EXTENSION = app;
			};
			name = Debug;
		};
		084AFBF8185F6B4200008652 /* Release */ = {
			isa = XCBuildConfiguration;
			buildSettings = {
				ASSETCATALOG_COMPILER_APPICON_NAME = AppIcon;
				ASSETCATALOG_COMPILER_LAUNCHIMAGE_NAME = LaunchImage;
				GCC_PRECOMPILE_PREFIX_HEADER = YES;
				GCC_PREFIX_HEADER = "GRKPageViewControllerTestApp/GRKPageViewControllerTestApp-Prefix.pch";
				INFOPLIST_FILE = "GRKPageViewControllerTestApp/GRKPageViewControllerTestApp-Info.plist";
				PRODUCT_NAME = "$(TARGET_NAME)";
				WRAPPER_EXTENSION = app;
			};
			name = Release;
		};
		084AFBFA185F6B4200008652 /* Debug */ = {
			isa = XCBuildConfiguration;
			buildSettings = {
				ARCHS = "$(ARCHS_STANDARD_INCLUDING_64_BIT)";
				BUNDLE_LOADER = "$(BUILT_PRODUCTS_DIR)/GRKPageViewControllerTestApp.app/GRKPageViewControllerTestApp";
				FRAMEWORK_SEARCH_PATHS = (
					"$(SDKROOT)/Developer/Library/Frameworks",
					"$(inherited)",
					"$(DEVELOPER_FRAMEWORKS_DIR)",
				);
				GCC_PRECOMPILE_PREFIX_HEADER = YES;
				GCC_PREFIX_HEADER = "GRKPageViewControllerTestApp/GRKPageViewControllerTestApp-Prefix.pch";
				GCC_PREPROCESSOR_DEFINITIONS = (
					"DEBUG=1",
					"$(inherited)",
				);
				INFOPLIST_FILE = "GRKPageViewControllerTestAppTests/GRKPageViewControllerTestAppTests-Info.plist";
				PRODUCT_NAME = "$(TARGET_NAME)";
				TEST_HOST = "$(BUNDLE_LOADER)";
				WRAPPER_EXTENSION = xctest;
			};
			name = Debug;
		};
		084AFBFB185F6B4200008652 /* Release */ = {
			isa = XCBuildConfiguration;
			buildSettings = {
				ARCHS = "$(ARCHS_STANDARD_INCLUDING_64_BIT)";
				BUNDLE_LOADER = "$(BUILT_PRODUCTS_DIR)/GRKPageViewControllerTestApp.app/GRKPageViewControllerTestApp";
				FRAMEWORK_SEARCH_PATHS = (
					"$(SDKROOT)/Developer/Library/Frameworks",
					"$(inherited)",
					"$(DEVELOPER_FRAMEWORKS_DIR)",
				);
				GCC_PRECOMPILE_PREFIX_HEADER = YES;
				GCC_PREFIX_HEADER = "GRKPageViewControllerTestApp/GRKPageViewControllerTestApp-Prefix.pch";
				INFOPLIST_FILE = "GRKPageViewControllerTestAppTests/GRKPageViewControllerTestAppTests-Info.plist";
				PRODUCT_NAME = "$(TARGET_NAME)";
				TEST_HOST = "$(BUNDLE_LOADER)";
				WRAPPER_EXTENSION = xctest;
			};
			name = Release;
		};
/* End XCBuildConfiguration section */

/* Begin XCConfigurationList section */
		084AFBBF185F6B4200008652 /* Build configuration list for PBXProject "GRKPageViewControllerTestApp" */ = {
			isa = XCConfigurationList;
			buildConfigurations = (
				084AFBF4185F6B4200008652 /* Debug */,
				084AFBF5185F6B4200008652 /* Release */,
			);
			defaultConfigurationIsVisible = 0;
			defaultConfigurationName = Release;
		};
		084AFBF6185F6B4200008652 /* Build configuration list for PBXNativeTarget "GRKPageViewControllerTestApp" */ = {
			isa = XCConfigurationList;
			buildConfigurations = (
				084AFBF7185F6B4200008652 /* Debug */,
				084AFBF8185F6B4200008652 /* Release */,
			);
			defaultConfigurationIsVisible = 0;
		};
		084AFBF9185F6B4200008652 /* Build configuration list for PBXNativeTarget "GRKPageViewControllerTestAppTests" */ = {
			isa = XCConfigurationList;
			buildConfigurations = (
				084AFBFA185F6B4200008652 /* Debug */,
				084AFBFB185F6B4200008652 /* Release */,
			);
			defaultConfigurationIsVisible = 0;
		};
/* End XCConfigurationList section */
	};
	rootObject = 084AFBBC185F6B4200008652 /* Project object */;
}
